
Microsoft Visual Studio Solution File, Format Version 12.00
# Visual Studio Version 16
VisualStudioVersion = 16.0.30804.86
MinimumVisualStudioVersion = 10.0.40219.1
Project("{FAE04EC0-301F-11D3-BF4B-00C04F79EFBC}") = "Cliente", "Cliente\Cliente.csproj", "{3081EF24-1450-4B5E-8654-CB8EA2C510E0}"
EndProject
Global
	GlobalSection(SolutionConfigurationPlatforms) = preSolution
		Debug|Any CPU = Debug|Any CPU
		Release|Any CPU = Release|Any CPU
	EndGlobalSection
	GlobalSection(ProjectConfigurationPlatforms) = postSolution
		{3081EF24-1450-4B5E-8654-CB8EA2C510E0}.Debug|Any CPU.ActiveCfg = Debug|Any CPU
		{3081EF24-1450-4B5E-8654-CB8EA2C510E0}.Debug|Any CPU.Build.0 = Debug|Any CPU
		{3081EF24-1450-4B5E-8654-CB8EA2C510E0}.Release|Any CPU.ActiveCfg = Release|Any CPU
		{3081EF24-1450-4B5E-8654-CB8EA2C510E0}.Release|Any CPU.Build.0 = Release|Any CPU
	EndGlobalSection
	GlobalSection(SolutionProperties) = preSolution
		HideSolutionNode = FALSE
	EndGlobalSection
	GlobalSection(ExtensibilityGlobals) = postSolution
		SolutionGuid = {F254B67E-DD60-47F2-AE13-8E91802597F6}
	EndGlobalSection
EndGlobal
